
Microsoft Visual Studio Solution File, Format Version 12.00
Project("{FAE04EC0-301F-11D3-BF4B-00C04F79EFBC}") = "CatalystUI.Internationalization", "CatalystUI.Internationalization\CatalystUI.Internationalization.csproj", "{121B607A-368C-4E35-8EBB-FDA7EEE54EB2}"
EndProject
Project("{FAE04EC0-301F-11D3-BF4B-00C04F79EFBC}") = "CatalystUI.Internationalization.Tests", "CatalystUI.Internationalization.Tests\CatalystUI.Internationalization.Tests.csproj", "{D65F7A18-1535-46B8-8D37-E38F262295DD}"
EndProject
Global
	GlobalSection(SolutionConfigurationPlatforms) = preSolution
		Debug|Any CPU = Debug|Any CPU
		Release|Any CPU = Release|Any CPU
	EndGlobalSection
	GlobalSection(ProjectConfigurationPlatforms) = postSolution
		{121B607A-368C-4E35-8EBB-FDA7EEE54EB2}.Debug|Any CPU.ActiveCfg = Debug|Any CPU
		{121B607A-368C-4E35-8EBB-FDA7EEE54EB2}.Debug|Any CPU.Build.0 = Debug|Any CPU
		{121B607A-368C-4E35-8EBB-FDA7EEE54EB2}.Release|Any CPU.ActiveCfg = Release|Any CPU
		{121B607A-368C-4E35-8EBB-FDA7EEE54EB2}.Release|Any CPU.Build.0 = Release|Any CPU
		{D65F7A18-1535-46B8-8D37-E38F262295DD}.Debug|Any CPU.ActiveCfg = Debug|Any CPU
		{D65F7A18-1535-46B8-8D37-E38F262295DD}.Debug|Any CPU.Build.0 = Debug|Any CPU
		{D65F7A18-1535-46B8-8D37-E38F262295DD}.Release|Any CPU.ActiveCfg = Release|Any CPU
		{D65F7A18-1535-46B8-8D37-E38F262295DD}.Release|Any CPU.Build.0 = Release|Any CPU
	EndGlobalSection
EndGlobal
